// !$*UTF8*$!
{
	archiveVersion = 1;
	classes = {
	};
	objectVersion = 46;
	objects = {

/* Begin PBXBuildFile section */
		C751D2121CC7A10C003C2B5B /* AppDelegate.swift in Sources */ = {isa = PBXBuildFile; fileRef = C751D2111CC7A10C003C2B5B /* AppDelegate.swift */; };
		C751D2141CC7A10C003C2B5B /* ViewController.swift in Sources */ = {isa = PBXBuildFile; fileRef = C751D2131CC7A10C003C2B5B /* ViewController.swift */; };
		C751D2171CC7A10C003C2B5B /* Main.storyboard in Resources */ = {isa = PBXBuildFile; fileRef = C751D2151CC7A10C003C2B5B /* Main.storyboard */; };
		C751D2191CC7A10C003C2B5B /* Assets.xcassets in Resources */ = {isa = PBXBuildFile; fileRef = C751D2181CC7A10C003C2B5B /* Assets.xcassets */; };
		C751D21C1CC7A10C003C2B5B /* LaunchScreen.storyboard in Resources */ = {isa = PBXBuildFile; fileRef = C751D21A1CC7A10C003C2B5B /* LaunchScreen.storyboard */; };
		C751D2271CC7A10C003C2B5B /* SpokeTests.swift in Sources */ = {isa = PBXBuildFile; fileRef = C751D2261CC7A10C003C2B5B /* SpokeTests.swift */; };
/* End PBXBuildFile section */

/* Begin PBXContainerItemProxy section */
		C751D2231CC7A10C003C2B5B /* PBXContainerItemProxy */ = {
			isa = PBXContainerItemProxy;
			containerPortal = C751D2061CC7A10C003C2B5B /* Project object */;
			proxyType = 1;
			remoteGlobalIDString = C751D20D1CC7A10C003C2B5B;
			remoteInfo = Spoke;
		};
/* End PBXContainerItemProxy section */

/* Begin PBXFileReference section */
		C751D20E1CC7A10C003C2B5B /* Spoke.app */ = {isa = PBXFileReference; explicitFileType = wrapper.application; includeInIndex = 0; path = Spoke.app; sourceTree = BUILT_PRODUCTS_DIR; };
		C751D2111CC7A10C003C2B5B /* AppDelegate.swift */ = {isa = PBXFileReference; lastKnownFileType = sourcecode.swift; path = AppDelegate.swift; sourceTree = "<group>"; };
		C751D2131CC7A10C003C2B5B /* ViewController.swift */ = {isa = PBXFileReference; lastKnownFileType = sourcecode.swift; path = ViewController.swift; sourceTree = "<group>"; };
		C751D2161CC7A10C003C2B5B /* Base */ = {isa = PBXFileReference; lastKnownFileType = file.storyboard; name = Base; path = Base.lproj/Main.storyboard; sourceTree = "<group>"; };
		C751D2181CC7A10C003C2B5B /* Assets.xcassets */ = {isa = PBXFileReference; lastKnownFileType = folder.assetcatalog; path = Assets.xcassets; sourceTree = "<group>"; };
		C751D21B1CC7A10C003C2B5B /* Base */ = {isa = PBXFileReference; lastKnownFileType = file.storyboard; name = Base; path = Base.lproj/LaunchScreen.storyboard; sourceTree = "<group>"; };
		C751D21D1CC7A10C003C2B5B /* Info.plist */ = {isa = PBXFileReference; lastKnownFileType = text.plist.xml; path = Info.plist; sourceTree = "<group>"; };
		C751D2221CC7A10C003C2B5B /* SpokeTests.xctest */ = {isa = PBXFileReference; explicitFileType = wrapper.cfbundle; includeInIndex = 0; path = SpokeTests.xctest; sourceTree = BUILT_PRODUCTS_DIR; };
		C751D2261CC7A10C003C2B5B /* SpokeTests.swift */ = {isa = PBXFileReference; lastKnownFileType = sourcecode.swift; path = SpokeTests.swift; sourceTree = "<group>"; };
		C751D2281CC7A10C003C2B5B /* Info.plist */ = {isa = PBXFileReference; lastKnownFileType = text.plist.xml; path = Info.plist; sourceTree = "<group>"; };
/* End PBXFileReference section */

/* Begin PBXFrameworksBuildPhase section */
		C751D20B1CC7A10C003C2B5B /* Frameworks */ = {
			isa = PBXFrameworksBuildPhase;
			buildActionMask = 2147483647;
			files = (
			);
			runOnlyForDeploymentPostprocessing = 0;
		};
		C751D21F1CC7A10C003C2B5B /* Frameworks */ = {
			isa = PBXFrameworksBuildPhase;
			buildActionMask = 2147483647;
			files = (
			);
			runOnlyForDeploymentPostprocessing = 0;
		};
/* End PBXFrameworksBuildPhase section */

/* Begin PBXGroup section */
		C751D2051CC7A10C003C2B5B = {
			isa = PBXGroup;
			children = (
				C751D2101CC7A10C003C2B5B /* Spoke */,
				C751D2251CC7A10C003C2B5B /* SpokeTests */,
				C751D20F1CC7A10C003C2B5B /* Products */,
			);
			sourceTree = "<group>";
		};
		C751D20F1CC7A10C003C2B5B /* Products */ = {
			isa = PBXGroup;
			children = (
				C751D20E1CC7A10C003C2B5B /* Spoke.app */,
				C751D2221CC7A10C003C2B5B /* SpokeTests.xctest */,
			);
			name = Products;
			sourceTree = "<group>";
		};
		C751D2101CC7A10C003C2B5B /* Spoke */ = {
			isa = PBXGroup;
			children = (
				C751D2111CC7A10C003C2B5B /* AppDelegate.swift */,
				C751D2131CC7A10C003C2B5B /* ViewController.swift */,
				C751D2151CC7A10C003C2B5B /* Main.storyboard */,
				C751D2181CC7A10C003C2B5B /* Assets.xcassets */,
				C751D21A1CC7A10C003C2B5B /* LaunchScreen.storyboard */,
				C751D21D1CC7A10C003C2B5B /* Info.plist */,
			);
			path = Spoke;
			sourceTree = "<group>";
		};
		C751D2251CC7A10C003C2B5B /* SpokeTests */ = {
			isa = PBXGroup;
			children = (
				C751D2261CC7A10C003C2B5B /* SpokeTests.swift */,
				C751D2281CC7A10C003C2B5B /* Info.plist */,
			);
			path = SpokeTests;
			sourceTree = "<group>";
		};
/* End PBXGroup section */

/* Begin PBXNativeTarget section */
		C751D20D1CC7A10C003C2B5B /* Spoke */ = {
			isa = PBXNativeTarget;
			buildConfigurationList = C751D22B1CC7A10C003C2B5B /* Build configuration list for PBXNativeTarget "Spoke" */;
			buildPhases = (
				C751D20A1CC7A10C003C2B5B /* Sources */,
				C751D20B1CC7A10C003C2B5B /* Frameworks */,
				C751D20C1CC7A10C003C2B5B /* Resources */,
			);
			buildRules = (
			);
			dependencies = (
			);
			name = Spoke;
			productName = Spoke;
			productReference = C751D20E1CC7A10C003C2B5B /* Spoke.app */;
			productType = "com.apple.product-type.application";
		};
		C751D2211CC7A10C003C2B5B /* SpokeTests */ = {
			isa = PBXNativeTarget;
			buildConfigurationList = C751D22E1CC7A10C003C2B5B /* Build configuration list for PBXNativeTarget "SpokeTests" */;
			buildPhases = (
				C751D21E1CC7A10C003C2B5B /* Sources */,
				C751D21F1CC7A10C003C2B5B /* Frameworks */,
				C751D2201CC7A10C003C2B5B /* Resources */,
			);
			buildRules = (
			);
			dependencies = (
				C751D2241CC7A10C003C2B5B /* PBXTargetDependency */,
			);
			name = SpokeTests;
			productName = SpokeTests;
			productReference = C751D2221CC7A10C003C2B5B /* SpokeTests.xctest */;
			productType = "com.apple.product-type.bundle.unit-test";
		};
/* End PBXNativeTarget section */

/* Begin PBXProject section */
		C751D2061CC7A10C003C2B5B /* Project object */ = {
			isa = PBXProject;
			attributes = {
				LastSwiftUpdateCheck = 0730;
				LastUpgradeCheck = 0730;
				ORGANIZATIONNAME = "Rohit Natarajan";
				TargetAttributes = {
					C751D20D1CC7A10C003C2B5B = {
						CreatedOnToolsVersion = 7.3;
					};
					C751D2211CC7A10C003C2B5B = {
						CreatedOnToolsVersion = 7.3;
						TestTargetID = C751D20D1CC7A10C003C2B5B;
					};
				};
			};
			buildConfigurationList = C751D2091CC7A10C003C2B5B /* Build configuration list for PBXProject "Spoke" */;
			compatibilityVersion = "Xcode 3.2";
			developmentRegion = English;
			hasScannedForEncodings = 0;
			knownRegions = (
				en,
				Base,
			);
			mainGroup = C751D2051CC7A10C003C2B5B;
			productRefGroup = C751D20F1CC7A10C003C2B5B /* Products */;
			projectDirPath = "";
			projectRoot = "";
			targets = (
				C751D20D1CC7A10C003C2B5B /* Spoke */,
				C751D2211CC7A10C003C2B5B /* SpokeTests */,
			);
		};
/* End PBXProject section */

/* Begin PBXResourcesBuildPhase section */
		C751D20C1CC7A10C003C2B5B /* Resources */ = {
			isa = PBXResourcesBuildPhase;
			buildActionMask = 2147483647;
			files = (
				C751D21C1CC7A10C003C2B5B /* LaunchScreen.storyboard in Resources */,
				C751D2191CC7A10C003C2B5B /* Assets.xcassets in Resources */,
				C751D2171CC7A10C003C2B5B /* Main.storyboard in Resources */,
			);
			runOnlyForDeploymentPostprocessing = 0;
		};
		C751D2201CC7A10C003C2B5B /* Resources */ = {
			isa = PBXResourcesBuildPhase;
			buildActionMask = 2147483647;
			files = (
			);
			runOnlyForDeploymentPostprocessing = 0;
		};
/* End PBXResourcesBuildPhase section */

/* Begin PBXSourcesBuildPhase section */
		C751D20A1CC7A10C003C2B5B /* Sources */ = {
			isa = PBXSourcesBuildPhase;
			buildActionMask = 2147483647;
			files = (
				C751D2141CC7A10C003C2B5B /* ViewController.swift in Sources */,
				C751D2121CC7A10C003C2B5B /* AppDelegate.swift in Sources */,
			);
			runOnlyForDeploymentPostprocessing = 0;
		};
		C751D21E1CC7A10C003C2B5B /* Sources */ = {
			isa = PBXSourcesBuildPhase;
			buildActionMask = 2147483647;
			files = (
				C751D2271CC7A10C003C2B5B /* SpokeTests.swift in Sources */,
			);
			runOnlyForDeploymentPostprocessing = 0;
		};
/* End PBXSourcesBuildPhase section */

/* Begin PBXTargetDependency section */
		C751D2241CC7A10C003C2B5B /* PBXTargetDependency */ = {
			isa = PBXTargetDependency;
			target = C751D20D1CC7A10C003C2B5B /* Spoke */;
			targetProxy = C751D2231CC7A10C003C2B5B /* PBXContainerItemProxy */;
		};
/* End PBXTargetDependency section */

/* Begin PBXVariantGroup section */
		C751D2151CC7A10C003C2B5B /* Main.storyboard */ = {
			isa = PBXVariantGroup;
			children = (
				C751D2161CC7A10C003C2B5B /* Base */,
			);
			name = Main.storyboard;
			sourceTree = "<group>";
		};
		C751D21A1CC7A10C003C2B5B /* LaunchScreen.storyboard */ = {
			isa = PBXVariantGroup;
			children = (
				C751D21B1CC7A10C003C2B5B /* Base */,
			);
			name = LaunchScreen.storyboard;
			sourceTree = "<group>";
		};
/* End PBXVariantGroup section */

/* Begin XCBuildConfiguration section */
		C751D2291CC7A10C003C2B5B /* Debug */ = {
			isa = XCBuildConfiguration;
			buildSettings = {
				ALWAYS_SEARCH_USER_PATHS = NO;
				CLANG_ANALYZER_NONNULL = YES;
				CLANG_CXX_LANGUAGE_STANDARD = "gnu++0x";
				CLANG_CXX_LIBRARY = "libc++";
				CLANG_ENABLE_MODULES = YES;
				CLANG_ENABLE_OBJC_ARC = YES;
				CLANG_WARN_BOOL_CONVERSION = YES;
				CLANG_WARN_CONSTANT_CONVERSION = YES;
				CLANG_WARN_DIRECT_OBJC_ISA_USAGE = YES_ERROR;
				CLANG_WARN_EMPTY_BODY = YES;
				CLANG_WARN_ENUM_CONVERSION = YES;
				CLANG_WARN_INT_CONVERSION = YES;
				CLANG_WARN_OBJC_ROOT_CLASS = YES_ERROR;
				CLANG_WARN_UNREACHABLE_CODE = YES;
				CLANG_WARN__DUPLICATE_METHOD_MATCH = YES;
				"CODE_SIGN_IDENTITY[sdk=iphoneos*]" = "iPhone Developer";
				COPY_PHASE_STRIP = NO;
				DEBUG_INFORMATION_FORMAT = dwarf;
				ENABLE_STRICT_OBJC_MSGSEND = YES;
				ENABLE_TESTABILITY = YES;
				GCC_C_LANGUAGE_STANDARD = gnu99;
				GCC_DYNAMIC_NO_PIC = NO;
				GCC_NO_COMMON_BLOCKS = YES;
				GCC_OPTIMIZATION_LEVEL = 0;
				GCC_PREPROCESSOR_DEFINITIONS = (
					"DEBUG=1",
					"$(inherited)",
				);
				GCC_WARN_64_TO_32_BIT_CONVERSION = YES;
				GCC_WARN_ABOUT_RETURN_TYPE = YES_ERROR;
				GCC_WARN_UNDECLARED_SELECTOR = YES;
				GCC_WARN_UNINITIALIZED_AUTOS = YES_AGGRESSIVE;
				GCC_WARN_UNUSED_FUNCTION = YES;
				GCC_WARN_UNUSED_VARIABLE = YES;
				IPHONEOS_DEPLOYMENT_TARGET = 9.3;
				MTL_ENABLE_DEBUG_INFO = YES;
				ONLY_ACTIVE_ARCH = YES;
				SDKROOT = iphoneos;
				SWIFT_OPTIMIZATION_LEVEL = "-Onone";
				TARGETED_DEVICE_FAMILY = "1,2";
			};
			name = Debug;
		};
		C751D22A1CC7A10C003C2B5B /* Release */ = {
			isa = XCBuildConfiguration;
			buildSettings = {
				ALWAYS_SEARCH_USER_PATHS = NO;
				CLANG_ANALYZER_NONNULL = YES;
				CLANG_CXX_LANGUAGE_STANDARD = "gnu++0x";
				CLANG_CXX_LIBRARY = "libc++";
				CLANG_ENABLE_MODULES = YES;
				CLANG_ENABLE_OBJC_ARC = YES;
				CLANG_WARN_BOOL_CONVERSION = YES;
				CLANG_WARN_CONSTANT_CONVERSION = YES;
				CLANG_WARN_DIRECT_OBJC_ISA_USAGE = YES_ERROR;
				CLANG_WARN_EMPTY_BODY = YES;
				CLANG_WARN_ENUM_CONVERSION = YES;
				CLANG_WARN_INT_CONVERSION = YES;
				CLANG_WARN_OBJC_ROOT_CLASS = YES_ERROR;
				CLANG_WARN_UNREACHABLE_CODE = YES;
				CLANG_WARN__DUPLICATE_METHOD_MATCH = YES;
				"CODE_SIGN_IDENTITY[sdk=iphoneos*]" = "iPhone Developer";
				COPY_PHASE_STRIP = NO;
				DEBUG_INFORMATION_FORMAT = "dwarf-with-dsym";
				ENABLE_NS_ASSERTIONS = NO;
				ENABLE_STRICT_OBJC_MSGSEND = YES;
				GCC_C_LANGUAGE_STANDARD = gnu99;
				GCC_NO_COMMON_BLOCKS = YES;
				GCC_WARN_64_TO_32_BIT_CONVERSION = YES;
				GCC_WARN_ABOUT_RETURN_TYPE = YES_ERROR;
				GCC_WARN_UNDECLARED_SELECTOR = YES;
				GCC_WARN_UNINITIALIZED_AUTOS = YES_AGGRESSIVE;
				GCC_WARN_UNUSED_FUNCTION = YES;
				GCC_WARN_UNUSED_VARIABLE = YES;
				IPHONEOS_DEPLOYMENT_TARGET = 9.3;
				MTL_ENABLE_DEBUG_INFO = NO;
				SDKROOT = iphoneos;
				TARGETED_DEVICE_FAMILY = "1,2";
				VALIDATE_PRODUCT = YES;
			};
			name = Release;
		};
		C751D22C1CC7A10C003C2B5B /* Debug */ = {
			isa = XCBuildConfiguration;
			buildSettings = {
				ASSETCATALOG_COMPILER_APPICON_NAME = AppIcon;
				INFOPLIST_FILE = Spoke/Info.plist;
				LD_RUNPATH_SEARCH_PATHS = "$(inherited) @executable_path/Frameworks";
				PRODUCT_BUNDLE_IDENTIFIER = Whitespace.Spoke;
				PRODUCT_NAME = "$(TARGET_NAME)";
			};
			name = Debug;
		};
		C751D22D1CC7A10C003C2B5B /* Release */ = {
			isa = XCBuildConfiguration;
			buildSettings = {
				ASSETCATALOG_COMPILER_APPICON_NAME = AppIcon;
				INFOPLIST_FILE = Spoke/Info.plist;
				LD_RUNPATH_SEARCH_PATHS = "$(inherited) @executable_path/Frameworks";
				PRODUCT_BUNDLE_IDENTIFIER = Whitespace.Spoke;
				PRODUCT_NAME = "$(TARGET_NAME)";
			};
			name = Release;
		};
		C751D22F1CC7A10C003C2B5B /* Debug */ = {
			isa = XCBuildConfiguration;
			buildSettings = {
				BUNDLE_LOADER = "$(TEST_HOST)";
				INFOPLIST_FILE = SpokeTests/Info.plist;
				LD_RUNPATH_SEARCH_PATHS = "$(inherited) @executable_path/Frameworks @loader_path/Frameworks";
				PRODUCT_BUNDLE_IDENTIFIER = Whitespace.SpokeTests;
				PRODUCT_NAME = "$(TARGET_NAME)";
				TEST_HOST = "$(BUILT_PRODUCTS_DIR)/Spoke.app/Spoke";
			};
			name = Debug;
		};
		C751D2301CC7A10C003C2B5B /* Release */ = {
			isa = XCBuildConfiguration;
			buildSettings = {
				BUNDLE_LOADER = "$(TEST_HOST)";
				INFOPLIST_FILE = SpokeTests/Info.plist;
				LD_RUNPATH_SEARCH_PATHS = "$(inherited) @executable_path/Frameworks @loader_path/Frameworks";
				PRODUCT_BUNDLE_IDENTIFIER = Whitespace.SpokeTests;
				PRODUCT_NAME = "$(TARGET_NAME)";
				TEST_HOST = "$(BUILT_PRODUCTS_DIR)/Spoke.app/Spoke";
			};
			name = Release;
		};
/* End XCBuildConfiguration section */

/* Begin XCConfigurationList section */
		C751D2091CC7A10C003C2B5B /* Build configuration list for PBXProject "Spoke" */ = {
			isa = XCConfigurationList;
			buildConfigurations = (
				C751D2291CC7A10C003C2B5B /* Debug */,
				C751D22A1CC7A10C003C2B5B /* Release */,
			);
			defaultConfigurationIsVisible = 0;
			defaultConfigurationName = Release;
		};
		C751D22B1CC7A10C003C2B5B /* Build configuration list for PBXNativeTarget "Spoke" */ = {
			isa = XCConfigurationList;
			buildConfigurations = (
				C751D22C1CC7A10C003C2B5B /* Debug */,
				C751D22D1CC7A10C003C2B5B /* Release */,
			);
			defaultConfigurationIsVisible = 0;
		};
		C751D22E1CC7A10C003C2B5B /* Build configuration list for PBXNativeTarget "SpokeTests" */ = {
			isa = XCConfigurationList;
			buildConfigurations = (
				C751D22F1CC7A10C003C2B5B /* Debug */,
				C751D2301CC7A10C003C2B5B /* Release */,
			);
			defaultConfigurationIsVisible = 0;
		};
/* End XCConfigurationList section */
	};
	rootObject = C751D2061CC7A10C003C2B5B /* Project object */;
}
